
Microsoft Visual Studio Solution File, Format Version 12.00
# Visual Studio Version 17
VisualStudioVersion = 17.5.33414.496
MinimumVisualStudioVersion = 10.0.40219.1
Project("{9A19103F-16F7-4668-BE54-9A1E7A4F7556}") = "Pharmacy.Web", "Pharmacy.Web\Pharmacy.Web.csproj", "{A109D534-F476-4542-8734-5DDFD60BC836}"
EndProject
Project("{FAE04EC0-301F-11D3-BF4B-00C04F79EFBC}") = "Entities", "Entities\Entities.csproj", "{AE400C0F-E86A-4D12-B459-6894EEF71698}"
EndProject
Project("{FAE04EC0-301F-11D3-BF4B-00C04F79EFBC}") = "DAL", "DAL\DAL.csproj", "{F8ECDCCA-4F68-4270-B7CB-80C14CE872F1}"
EndProject
Project("{FAE04EC0-301F-11D3-BF4B-00C04F79EFBC}") = "Identity.Web", "Identity.Web\Identity.Web.csproj", "{F0B4CF88-6AD6-4457-BF5C-EFB8B1BE92F0}"
EndProject
Global
	GlobalSection(SolutionConfigurationPlatforms) = preSolution
		Debug|Any CPU = Debug|Any CPU
		Release|Any CPU = Release|Any CPU
	EndGlobalSection
	GlobalSection(ProjectConfigurationPlatforms) = postSolution
		{A109D534-F476-4542-8734-5DDFD60BC836}.Debug|Any CPU.ActiveCfg = Debug|Any CPU
		{A109D534-F476-4542-8734-5DDFD60BC836}.Debug|Any CPU.Build.0 = Debug|Any CPU
		{A109D534-F476-4542-8734-5DDFD60BC836}.Release|Any CPU.ActiveCfg = Release|Any CPU
		{A109D534-F476-4542-8734-5DDFD60BC836}.Release|Any CPU.Build.0 = Release|Any CPU
		{AE400C0F-E86A-4D12-B459-6894EEF71698}.Debug|Any CPU.ActiveCfg = Debug|Any CPU
		{AE400C0F-E86A-4D12-B459-6894EEF71698}.Debug|Any CPU.Build.0 = Debug|Any CPU
		{AE400C0F-E86A-4D12-B459-6894EEF71698}.Release|Any CPU.ActiveCfg = Release|Any CPU
		{AE400C0F-E86A-4D12-B459-6894EEF71698}.Release|Any CPU.Build.0 = Release|Any CPU
		{F8ECDCCA-4F68-4270-B7CB-80C14CE872F1}.Debug|Any CPU.ActiveCfg = Debug|Any CPU
		{F8ECDCCA-4F68-4270-B7CB-80C14CE872F1}.Debug|Any CPU.Build.0 = Debug|Any CPU
		{F8ECDCCA-4F68-4270-B7CB-80C14CE872F1}.Release|Any CPU.ActiveCfg = Release|Any CPU
		{F8ECDCCA-4F68-4270-B7CB-80C14CE872F1}.Release|Any CPU.Build.0 = Release|Any CPU
		{F0B4CF88-6AD6-4457-BF5C-EFB8B1BE92F0}.Debug|Any CPU.ActiveCfg = Debug|Any CPU
		{F0B4CF88-6AD6-4457-BF5C-EFB8B1BE92F0}.Debug|Any CPU.Build.0 = Debug|Any CPU
		{F0B4CF88-6AD6-4457-BF5C-EFB8B1BE92F0}.Release|Any CPU.ActiveCfg = Release|Any CPU
		{F0B4CF88-6AD6-4457-BF5C-EFB8B1BE92F0}.Release|Any CPU.Build.0 = Release|Any CPU
	EndGlobalSection
	GlobalSection(SolutionProperties) = preSolution
		HideSolutionNode = FALSE
	EndGlobalSection
	GlobalSection(ExtensibilityGlobals) = postSolution
		SolutionGuid = {ADE83A0E-493C-4CCE-A4E6-B3B8D189F30A}
	EndGlobalSection
EndGlobal
